
Microsoft Visual Studio Solution File, Format Version 12.00
# Visual Studio Version 16
VisualStudioVersion = 25.0.1705.4
MinimumVisualStudioVersion = 10.0.40219.1
Project("{FAE04EC0-301F-11D3-BF4B-00C04F79EFBC}") = "ConsoleGPT-2", "ConsoleGPT-2\ConsoleGPT-2.csproj", "{0A9C1791-754A-48EF-B238-EEECBE8D27EB}"
EndProject
Global
	GlobalSection(SolutionConfigurationPlatforms) = preSolution
		Debug|Any CPU = Debug|Any CPU
		Release|Any CPU = Release|Any CPU
	EndGlobalSection
	GlobalSection(ProjectConfigurationPlatforms) = postSolution
		{0A9C1791-754A-48EF-B238-EEECBE8D27EB}.Debug|Any CPU.ActiveCfg = Debug|Any CPU
		{0A9C1791-754A-48EF-B238-EEECBE8D27EB}.Debug|Any CPU.Build.0 = Debug|Any CPU
		{0A9C1791-754A-48EF-B238-EEECBE8D27EB}.Release|Any CPU.ActiveCfg = Release|Any CPU
		{0A9C1791-754A-48EF-B238-EEECBE8D27EB}.Release|Any CPU.Build.0 = Release|Any CPU
	EndGlobalSection
	GlobalSection(SolutionProperties) = preSolution
		HideSolutionNode = FALSE
	EndGlobalSection
	GlobalSection(ExtensibilityGlobals) = postSolution
		SolutionGuid = {C537E1E8-5436-4F12-8D49-0C44E9EF23C2}
	EndGlobalSection
EndGlobal
